
Microsoft Visual Studio Solution File, Format Version 12.00
# Visual Studio Version 17
VisualStudioVersion = 17.7.34024.191
MinimumVisualStudioVersion = 10.0.40219.1
Project("{888888A0-9F3D-457C-B088-3A5042F75D52}") = "Numercial Methods lab 1 graphics", "Numercial Methods lab 1 graphics.pyproj", "{3D62E7AF-963F-4C3A-8B0E-4FFCA21015C3}"
EndProject
Global
	GlobalSection(SolutionConfigurationPlatforms) = preSolution
		Debug|Any CPU = Debug|Any CPU
		Release|Any CPU = Release|Any CPU
	EndGlobalSection
	GlobalSection(ProjectConfigurationPlatforms) = postSolution
		{3D62E7AF-963F-4C3A-8B0E-4FFCA21015C3}.Debug|Any CPU.ActiveCfg = Debug|Any CPU
		{3D62E7AF-963F-4C3A-8B0E-4FFCA21015C3}.Release|Any CPU.ActiveCfg = Release|Any CPU
	EndGlobalSection
	GlobalSection(SolutionProperties) = preSolution
		HideSolutionNode = FALSE
	EndGlobalSection
	GlobalSection(ExtensibilityGlobals) = postSolution
		SolutionGuid = {D6A9458C-AB14-46FB-A705-0084ECC48893}
	EndGlobalSection
EndGlobal
